
Microsoft Visual Studio Solution File, Format Version 12.00
# Visual Studio 14
VisualStudioVersion = 14.0.25420.1
MinimumVisualStudioVersion = 10.0.40219.1
Project("{FAE04EC0-301F-11D3-BF4B-00C04F79EFBC}") = "FBXML", "FBXML\FBXML.csproj", "{69EB69E0-7112-40AE-AC88-0FE875DF6365}"
EndProject
Project("{FAE04EC0-301F-11D3-BF4B-00C04F79EFBC}") = "FBCollections", "FBCollections\FBCollections.csproj", "{A6DF83EA-31AE-408A-87F7-765891C5A93F}"
EndProject
Project("{FAE04EC0-301F-11D3-BF4B-00C04F79EFBC}") = "ST", "ST\ST.csproj", "{0CA2F407-F05B-41AD-9EBF-A17664D099E7}"
EndProject
Project("{FAE04EC0-301F-11D3-BF4B-00C04F79EFBC}") = "Core", "Core\Core.csproj", "{5C944686-ED97-4AE1-8414-2C2316E160ED}"
EndProject
Project("{FAE04EC0-301F-11D3-BF4B-00C04F79EFBC}") = "GUI", "GUI\GUI.csproj", "{5C995D2E-DE48-43E3-AC6B-D89D6474F817}"
EndProject
Project("{FAE04EC0-301F-11D3-BF4B-00C04F79EFBC}") = "ModuleVariablesTest", "..\tests\ModuleVariablesTest\ModuleVariablesTest.csproj", "{C59E7E26-6AE2-41C9-84F2-804E3BA8B34A}"
EndProject
Global
	GlobalSection(SolutionConfigurationPlatforms) = preSolution
		Debug|Any CPU = Debug|Any CPU
		Debug|Mixed Platforms = Debug|Mixed Platforms
		Debug|x86 = Debug|x86
		Release|Any CPU = Release|Any CPU
		Release|Mixed Platforms = Release|Mixed Platforms
		Release|x86 = Release|x86
	EndGlobalSection
	GlobalSection(ProjectConfigurationPlatforms) = postSolution
		{69EB69E0-7112-40AE-AC88-0FE875DF6365}.Debug|Any CPU.ActiveCfg = Debug|Any CPU
		{69EB69E0-7112-40AE-AC88-0FE875DF6365}.Debug|Any CPU.Build.0 = Debug|Any CPU
		{69EB69E0-7112-40AE-AC88-0FE875DF6365}.Debug|Mixed Platforms.ActiveCfg = Debug|Any CPU
		{69EB69E0-7112-40AE-AC88-0FE875DF6365}.Debug|Mixed Platforms.Build.0 = Debug|Any CPU
		{69EB69E0-7112-40AE-AC88-0FE875DF6365}.Debug|x86.ActiveCfg = Debug|Any CPU
		{69EB69E0-7112-40AE-AC88-0FE875DF6365}.Release|Any CPU.ActiveCfg = Release|Any CPU
		{69EB69E0-7112-40AE-AC88-0FE875DF6365}.Release|Any CPU.Build.0 = Release|Any CPU
		{69EB69E0-7112-40AE-AC88-0FE875DF6365}.Release|Mixed Platforms.ActiveCfg = Release|Any CPU
		{69EB69E0-7112-40AE-AC88-0FE875DF6365}.Release|Mixed Platforms.Build.0 = Release|Any CPU
		{69EB69E0-7112-40AE-AC88-0FE875DF6365}.Release|x86.ActiveCfg = Release|Any CPU
		{A6DF83EA-31AE-408A-87F7-765891C5A93F}.Debug|Any CPU.ActiveCfg = Debug|Any CPU
		{A6DF83EA-31AE-408A-87F7-765891C5A93F}.Debug|Any CPU.Build.0 = Debug|Any CPU
		{A6DF83EA-31AE-408A-87F7-765891C5A93F}.Debug|Mixed Platforms.ActiveCfg = Debug|Any CPU
		{A6DF83EA-31AE-408A-87F7-765891C5A93F}.Debug|Mixed Platforms.Build.0 = Debug|Any CPU
		{A6DF83EA-31AE-408A-87F7-765891C5A93F}.Debug|x86.ActiveCfg = Debug|Any CPU
		{A6DF83EA-31AE-408A-87F7-765891C5A93F}.Release|Any CPU.ActiveCfg = Release|Any CPU
		{A6DF83EA-31AE-408A-87F7-765891C5A93F}.Release|Any CPU.Build.0 = Release|Any CPU
		{A6DF83EA-31AE-408A-87F7-765891C5A93F}.Release|Mixed Platforms.ActiveCfg = Release|Any CPU
		{A6DF83EA-31AE-408A-87F7-765891C5A93F}.Release|Mixed Platforms.Build.0 = Release|Any CPU
		{A6DF83EA-31AE-408A-87F7-765891C5A93F}.Release|x86.ActiveCfg = Release|Any CPU
		{0CA2F407-F05B-41AD-9EBF-A17664D099E7}.Debug|Any CPU.ActiveCfg = Debug|Any CPU
		{0CA2F407-F05B-41AD-9EBF-A17664D099E7}.Debug|Any CPU.Build.0 = Debug|Any CPU
		{0CA2F407-F05B-41AD-9EBF-A17664D099E7}.Debug|Mixed Platforms.ActiveCfg = Debug|Any CPU
		{0CA2F407-F05B-41AD-9EBF-A17664D099E7}.Debug|Mixed Platforms.Build.0 = Debug|Any CPU
		{0CA2F407-F05B-41AD-9EBF-A17664D099E7}.Debug|x86.ActiveCfg = Debug|Any CPU
		{0CA2F407-F05B-41AD-9EBF-A17664D099E7}.Release|Any CPU.ActiveCfg = Release|Any CPU
		{0CA2F407-F05B-41AD-9EBF-A17664D099E7}.Release|Any CPU.Build.0 = Release|Any CPU
		{0CA2F407-F05B-41AD-9EBF-A17664D099E7}.Release|Mixed Platforms.ActiveCfg = Release|Any CPU
		{0CA2F407-F05B-41AD-9EBF-A17664D099E7}.Release|Mixed Platforms.Build.0 = Release|Any CPU
		{0CA2F407-F05B-41AD-9EBF-A17664D099E7}.Release|x86.ActiveCfg = Release|Any CPU
		{5C944686-ED97-4AE1-8414-2C2316E160ED}.Debug|Any CPU.ActiveCfg = Debug|Any CPU
		{5C944686-ED97-4AE1-8414-2C2316E160ED}.Debug|Any CPU.Build.0 = Debug|Any CPU
		{5C944686-ED97-4AE1-8414-2C2316E160ED}.Debug|Mixed Platforms.ActiveCfg = Debug|Any CPU
		{5C944686-ED97-4AE1-8414-2C2316E160ED}.Debug|Mixed Platforms.Build.0 = Debug|Any CPU
		{5C944686-ED97-4AE1-8414-2C2316E160ED}.Debug|x86.ActiveCfg = Debug|Any CPU
		{5C944686-ED97-4AE1-8414-2C2316E160ED}.Release|Any CPU.ActiveCfg = Release|Any CPU
		{5C944686-ED97-4AE1-8414-2C2316E160ED}.Release|Any CPU.Build.0 = Release|Any CPU
		{5C944686-ED97-4AE1-8414-2C2316E160ED}.Release|Mixed Platforms.ActiveCfg = Release|Any CPU
		{5C944686-ED97-4AE1-8414-2C2316E160ED}.Release|Mixed Platforms.Build.0 = Release|Any CPU
		{5C944686-ED97-4AE1-8414-2C2316E160ED}.Release|x86.ActiveCfg = Release|Any CPU
		{5C995D2E-DE48-43E3-AC6B-D89D6474F817}.Debug|Any CPU.ActiveCfg = Debug|x86
		{5C995D2E-DE48-43E3-AC6B-D89D6474F817}.Debug|Mixed Platforms.ActiveCfg = Debug|x86
		{5C995D2E-DE48-43E3-AC6B-D89D6474F817}.Debug|Mixed Platforms.Build.0 = Debug|x86
		{5C995D2E-DE48-43E3-AC6B-D89D6474F817}.Debug|x86.ActiveCfg = Debug|x86
		{5C995D2E-DE48-43E3-AC6B-D89D6474F817}.Debug|x86.Build.0 = Debug|x86
		{5C995D2E-DE48-43E3-AC6B-D89D6474F817}.Release|Any CPU.ActiveCfg = Release|x86
		{5C995D2E-DE48-43E3-AC6B-D89D6474F817}.Release|Mixed Platforms.ActiveCfg = Release|x86
		{5C995D2E-DE48-43E3-AC6B-D89D6474F817}.Release|Mixed Platforms.Build.0 = Release|x86
		{5C995D2E-DE48-43E3-AC6B-D89D6474F817}.Release|x86.ActiveCfg = Release|x86
		{5C995D2E-DE48-43E3-AC6B-D89D6474F817}.Release|x86.Build.0 = Release|x86
		{C59E7E26-6AE2-41C9-84F2-804E3BA8B34A}.Debug|Any CPU.ActiveCfg = Debug|Any CPU
		{C59E7E26-6AE2-41C9-84F2-804E3BA8B34A}.Debug|Any CPU.Build.0 = Debug|Any CPU
		{C59E7E26-6AE2-41C9-84F2-804E3BA8B34A}.Debug|Mixed Platforms.ActiveCfg = Debug|Any CPU
		{C59E7E26-6AE2-41C9-84F2-804E3BA8B34A}.Debug|Mixed Platforms.Build.0 = Debug|Any CPU
		{C59E7E26-6AE2-41C9-84F2-804E3BA8B34A}.Debug|x86.ActiveCfg = Debug|Any CPU
		{C59E7E26-6AE2-41C9-84F2-804E3BA8B34A}.Release|Any CPU.ActiveCfg = Release|Any CPU
		{C59E7E26-6AE2-41C9-84F2-804E3BA8B34A}.Release|Any CPU.Build.0 = Release|Any CPU
		{C59E7E26-6AE2-41C9-84F2-804E3BA8B34A}.Release|Mixed Platforms.ActiveCfg = Release|Any CPU
		{C59E7E26-6AE2-41C9-84F2-804E3BA8B34A}.Release|Mixed Platforms.Build.0 = Release|Any CPU
		{C59E7E26-6AE2-41C9-84F2-804E3BA8B34A}.Release|x86.ActiveCfg = Release|Any CPU
	EndGlobalSection
	GlobalSection(SolutionProperties) = preSolution
		HideSolutionNode = FALSE
	EndGlobalSection
EndGlobal
